
Microsoft Visual Studio Solution File, Format Version 12.00
# Visual Studio 15
VisualStudioVersion = 15.0.28010.2036
MinimumVisualStudioVersion = 10.0.40219.1
Project("{FAE04EC0-301F-11D3-BF4B-00C04F79EFBC}") = "Nim", "Nim\Nim.csproj", "{99853AD3-D2CE-45F4-A49F-653E8A5400BC}"
EndProject
Global
	GlobalSection(SolutionConfigurationPlatforms) = preSolution
		Debug|Any CPU = Debug|Any CPU
		Release|Any CPU = Release|Any CPU
	EndGlobalSection
	GlobalSection(ProjectConfigurationPlatforms) = postSolution
		{99853AD3-D2CE-45F4-A49F-653E8A5400BC}.Debug|Any CPU.ActiveCfg = Debug|Any CPU
		{99853AD3-D2CE-45F4-A49F-653E8A5400BC}.Debug|Any CPU.Build.0 = Debug|Any CPU
		{99853AD3-D2CE-45F4-A49F-653E8A5400BC}.Release|Any CPU.ActiveCfg = Release|Any CPU
		{99853AD3-D2CE-45F4-A49F-653E8A5400BC}.Release|Any CPU.Build.0 = Release|Any CPU
	EndGlobalSection
	GlobalSection(SolutionProperties) = preSolution
		HideSolutionNode = FALSE
	EndGlobalSection
	GlobalSection(ExtensibilityGlobals) = postSolution
		SolutionGuid = {B5B4CB56-4FFE-418C-84B8-D4DE6472AC1A}
	EndGlobalSection
EndGlobal
